{
  "name": "daytona-mvc-sample",
  "version": "0.0.1",
  "lockfileVersion": 3,
  "requires": true,
  "packages": {
    "": {
      "name": "daytona-mvc-sample",
      "version": "0.0.1",
      "license": "MIT",
      "dependencies": {
        "dotenv": "^17.2.3"
      }
    },
    "../mvc": {
      "name": "daytona-mvc",
      "version": "0.1.1",
      "extraneous": true,
      "license": "MIT",
      "dependencies": {
        "@iarna/toml": "^2.2.5",
        "better-sqlite3": "^12.4.1",
        "dotenv": "^17.2.3",
        "libsql": "^0.5.22",
        "method-override": "^3.0.0",
        "mysql2": "^3.15.3",
        "pg": "^8.16.3",
        "pluralize": "^8.0.0",
        "sql-where-parser": "^2.2.1"
      },
      "devDependencies": {
        "mongodb": "^6.20.0"
      }
    },
    "node_modules/dotenv": {
      "version": "17.2.3",
      "resolved": "https://registry.npmjs.org/dotenv/-/dotenv-17.2.3.tgz",
      "integrity": "sha512-JVUnt+DUIzu87TABbhPmNfVdBDt18BLOWjMUFJMSi/Qqg7NTYtabbvSNJGOJ7afbRuv9D/lngizHtP7QyLQ+9w==",
      "license": "BSD-2-Clause",
      "engines": {
        "node": ">=12"
      },
      "funding": {
        "url": "https://dotenvx.com"
      }
    }
  }
}
